
Microsoft Visual Studio Solution File, Format Version 12.00
# Visual Studio Version 16
VisualStudioVersion = 16.0.29326.143
MinimumVisualStudioVersion = 10.0.40219.1
Project("{FAE04EC0-301F-11D3-BF4B-00C04F79EFBC}") = "GUI_Fashion", "LTWNCFashion\GUI_Fashion.csproj", "{ABB08AC4-20B9-4628-9F77-1117E1B0C7D5}"
EndProject
Project("{FAE04EC0-301F-11D3-BF4B-00C04F79EFBC}") = "DAL_Fashion", "DAL_Fashion\DAL_Fashion.csproj", "{90B3610C-BEE1-400C-9AEE-F42EF9452A7A}"
EndProject
Project("{FAE04EC0-301F-11D3-BF4B-00C04F79EFBC}") = "BUS_Fashion", "BUS_Fashion\BUS_Fashion.csproj", "{66A47D5D-F1C8-4C11-9CBD-26BD73F2C0CF}"
EndProject
Project("{FAE04EC0-301F-11D3-BF4B-00C04F79EFBC}") = "DTO_Fashion", "DTO_Fashion\DTO_Fashion.csproj", "{0F48DB72-6AB8-4D8F-8DEC-F7F738FA4BC7}"
EndProject
Global
	GlobalSection(SolutionConfigurationPlatforms) = preSolution
		Debug|Any CPU = Debug|Any CPU
		Release|Any CPU = Release|Any CPU
	EndGlobalSection
	GlobalSection(ProjectConfigurationPlatforms) = postSolution
		{ABB08AC4-20B9-4628-9F77-1117E1B0C7D5}.Debug|Any CPU.ActiveCfg = Debug|Any CPU
		{ABB08AC4-20B9-4628-9F77-1117E1B0C7D5}.Debug|Any CPU.Build.0 = Debug|Any CPU
		{ABB08AC4-20B9-4628-9F77-1117E1B0C7D5}.Release|Any CPU.ActiveCfg = Release|Any CPU
		{ABB08AC4-20B9-4628-9F77-1117E1B0C7D5}.Release|Any CPU.Build.0 = Release|Any CPU
		{90B3610C-BEE1-400C-9AEE-F42EF9452A7A}.Debug|Any CPU.ActiveCfg = Debug|Any CPU
		{90B3610C-BEE1-400C-9AEE-F42EF9452A7A}.Debug|Any CPU.Build.0 = Debug|Any CPU
		{90B3610C-BEE1-400C-9AEE-F42EF9452A7A}.Release|Any CPU.ActiveCfg = Release|Any CPU
		{90B3610C-BEE1-400C-9AEE-F42EF9452A7A}.Release|Any CPU.Build.0 = Release|Any CPU
		{66A47D5D-F1C8-4C11-9CBD-26BD73F2C0CF}.Debug|Any CPU.ActiveCfg = Debug|Any CPU
		{66A47D5D-F1C8-4C11-9CBD-26BD73F2C0CF}.Debug|Any CPU.Build.0 = Debug|Any CPU
		{66A47D5D-F1C8-4C11-9CBD-26BD73F2C0CF}.Release|Any CPU.ActiveCfg = Release|Any CPU
		{66A47D5D-F1C8-4C11-9CBD-26BD73F2C0CF}.Release|Any CPU.Build.0 = Release|Any CPU
		{0F48DB72-6AB8-4D8F-8DEC-F7F738FA4BC7}.Debug|Any CPU.ActiveCfg = Debug|Any CPU
		{0F48DB72-6AB8-4D8F-8DEC-F7F738FA4BC7}.Debug|Any CPU.Build.0 = Debug|Any CPU
		{0F48DB72-6AB8-4D8F-8DEC-F7F738FA4BC7}.Release|Any CPU.ActiveCfg = Release|Any CPU
		{0F48DB72-6AB8-4D8F-8DEC-F7F738FA4BC7}.Release|Any CPU.Build.0 = Release|Any CPU
	EndGlobalSection
	GlobalSection(SolutionProperties) = preSolution
		HideSolutionNode = FALSE
	EndGlobalSection
	GlobalSection(ExtensibilityGlobals) = postSolution
		SolutionGuid = {781262DE-597E-4FA1-98E5-1F6DA70FD5A2}
	EndGlobalSection
EndGlobal
